{
  "name": "JavaTrainingGitHub",
  "lockfileVersion": 3,
  "requires": true,
  "packages": {
    "": {
      "devDependencies": {
        "newman-reporter-csv": "^1.3.0"
      }
    },
    "node_modules/newman-reporter-csv": {
      "version": "1.3.0",
      "resolved": "https://registry.npmjs.org/newman-reporter-csv/-/newman-reporter-csv-1.3.0.tgz",
      "integrity": "sha512-J4xJ0PGPcuD7yY3pl7W1yv5KoP+vezqOv8p0jatW3I+ubJ0CYBxt/tYb02wU1qiVZdjQQshiHQfuipmQMtcGrA==",
      "dev": true
    }
  }
}
